# generated by rye
# use `rye lock` or `rye sync` to update this lockfile
#
# last locked with the following flags:
#   pre: false
#   features: []
#   all-features: false
#   with-sources: false
#   generate-hashes: false
#   universal: false

-e file:.
cffi==2.1.1
    # via sounddevice
iniconfig==2.3.0
    # via pytest
numpy==2.4.6
    # via scipy
    # via soundings
packaging==26.3
    # via pytest
pluggy==1.6.0
    # via pytest
pycparser==3.0
    # via cffi
pygments==2.21.0
    # via pytest
pytest==9.1.1
python-rtmidi==1.5.8
    # via soundings
ruff==0.16.5
scipy==1.17.1
    # via soundings
sounddevice==0.5.6
    # via soundings
