# generated by rye
# use `rye lock` or `rye sync` to update this lockfile
#
# last locked with the following flags:
#   pre: false
#   features: []
#   all-features: false
#   with-sources: false
#   generate-hashes: false
#   universal: false

-e file:.
cffi==2.1.1
    # via sounddevice
numpy==2.4.6
    # via scipy
    # via soundings
pycparser==3.0
    # via cffi
python-rtmidi==1.5.8
    # via soundings
scipy==1.17.1
    # via soundings
sounddevice==0.5.6
    # via soundings
